
Microsoft Visual Studio Solution File, Format Version 12.00
# Visual Studio 15
VisualStudioVersion = 15.0.26730.16
MinimumVisualStudioVersion = 10.0.40219.1
Project("{FAE04EC0-301F-11D3-BF4B-00C04F79EFBC}") = "Model", "Model_4\Model.csproj", "{9C52BDC3-93FE-4241-AA19-9936643BF9E5}"
EndProject
Project("{FAE04EC0-301F-11D3-BF4B-00C04F79EFBC}") = "View", "WinForm\View.csproj", "{50FB67AE-F112-4B26-8377-3ABFFF7025A3}"
EndProject
Project("{FAE04EC0-301F-11D3-BF4B-00C04F79EFBC}") = "UnitTests", "UnitTests\UnitTests.csproj", "{12E38F54-03CC-4B8D-A86D-9582CD60F4AE}"
EndProject
Global
	GlobalSection(SolutionConfigurationPlatforms) = preSolution
		Debug|Any CPU = Debug|Any CPU
		Release|Any CPU = Release|Any CPU
	EndGlobalSection
	GlobalSection(ProjectConfigurationPlatforms) = postSolution
		{9C52BDC3-93FE-4241-AA19-9936643BF9E5}.Debug|Any CPU.ActiveCfg = Debug|Any CPU
		{9C52BDC3-93FE-4241-AA19-9936643BF9E5}.Debug|Any CPU.Build.0 = Debug|Any CPU
		{9C52BDC3-93FE-4241-AA19-9936643BF9E5}.Release|Any CPU.ActiveCfg = Release|Any CPU
		{9C52BDC3-93FE-4241-AA19-9936643BF9E5}.Release|Any CPU.Build.0 = Release|Any CPU
		{50FB67AE-F112-4B26-8377-3ABFFF7025A3}.Debug|Any CPU.ActiveCfg = Debug|Any CPU
		{50FB67AE-F112-4B26-8377-3ABFFF7025A3}.Debug|Any CPU.Build.0 = Debug|Any CPU
		{50FB67AE-F112-4B26-8377-3ABFFF7025A3}.Release|Any CPU.ActiveCfg = Release|Any CPU
		{50FB67AE-F112-4B26-8377-3ABFFF7025A3}.Release|Any CPU.Build.0 = Release|Any CPU
		{12E38F54-03CC-4B8D-A86D-9582CD60F4AE}.Debug|Any CPU.ActiveCfg = Debug|Any CPU
		{12E38F54-03CC-4B8D-A86D-9582CD60F4AE}.Debug|Any CPU.Build.0 = Debug|Any CPU
		{12E38F54-03CC-4B8D-A86D-9582CD60F4AE}.Release|Any CPU.ActiveCfg = Release|Any CPU
		{12E38F54-03CC-4B8D-A86D-9582CD60F4AE}.Release|Any CPU.Build.0 = Release|Any CPU
	EndGlobalSection
	GlobalSection(SolutionProperties) = preSolution
		HideSolutionNode = FALSE
	EndGlobalSection
	GlobalSection(ExtensibilityGlobals) = postSolution
		SolutionGuid = {A81E36DF-2EA8-42C2-873F-FBF8E11E92EF}
	EndGlobalSection
EndGlobal
